<?xml version="1.0" encoding="utf-8"?>
<Project ToolsVersion="4.0" xmlns="http://schemas.microsoft.com/developer/msbuild/2003">
  <ItemGroup>
    <Filter Include="Muzzle">
      <UniqueIdentifier>{AC6B06C4-980D-319A-81C8-44EE6D09B8EA}</UniqueIdentifier>
    </Filter>
    <Filter Include="Muzzle\Events">
      <UniqueIdentifier>{10BEF04C-7C7E-6C83-45B9-B500B138B15F}</UniqueIdentifier>
    </Filter>
  </ItemGroup>
  <ItemGroup>
    <ClInclude Include="src\Muzzle.h" />
    <ClInclude Include="src\Muzzle\Application.h">
      <Filter>Muzzle</Filter>
    </ClInclude>
    <ClInclude Include="src\Muzzle\Core.h">
      <Filter>Muzzle</Filter>
    </ClInclude>
    <ClInclude Include="src\Muzzle\EntryPoint.h">
      <Filter>Muzzle</Filter>
    </ClInclude>
    <ClInclude Include="src\Muzzle\Events\AppEvent.h">
      <Filter>Muzzle\Events</Filter>
    </ClInclude>
    <ClInclude Include="src\Muzzle\Events\Event.h">
      <Filter>Muzzle\Events</Filter>
    </ClInclude>
    <ClInclude Include="src\Muzzle\Events\KeyEvent.h">
      <Filter>Muzzle\Events</Filter>
    </ClInclude>
    <ClInclude Include="src\Muzzle\Events\MouseEvent.h">
      <Filter>Muzzle\Events</Filter>
    </ClInclude>
    <ClInclude Include="src\Muzzle\Log.h">
      <Filter>Muzzle</Filter>
    </ClInclude>
    <ClInclude Include="src\mzpch.h" />
  </ItemGroup>
  <ItemGroup>
    <ClCompile Include="src\Muzzle\Application.cpp">
      <Filter>Muzzle</Filter>
    </ClCompile>
    <ClCompile Include="src\Muzzle\Log.cpp">
      <Filter>Muzzle</Filter>
    </ClCompile>
    <ClCompile Include="src\mzpch.cpp" />
  </ItemGroup>
</Project>